{
  "pins" : [
    {
      "identity" : "swiftdxf",
      "kind" : "remoteSourceControl",
      "location" : "https://github.com/SecondMouseAU/SwiftDXF.git",
      "state" : {
        "revision" : "8419e9aade961cc973bd642e0312e5cd173a87ae",
        "version" : "0.2.1"
      }
    }
  ],
  "version" : 2
}
